
Microsoft Visual Studio Solution File, Format Version 12.00
# Visual Studio Version 17
VisualStudioVersion = 17.0.31903.59
MinimumVisualStudioVersion = 10.0.40219.1
Project("{F2A71F9B-5D33-465A-A702-920D77279786}") = "PomodoroSharp", "src\PomodoroSharp.fsproj", "{BA4E9C57-B383-49B8-A68F-E02D0F6DA1D4}"
EndProject
Global
	GlobalSection(SolutionConfigurationPlatforms) = preSolution
		Debug|Any CPU = Debug|Any CPU
		Release|Any CPU = Release|Any CPU
	EndGlobalSection
	GlobalSection(SolutionProperties) = preSolution
		HideSolutionNode = FALSE
	EndGlobalSection
	GlobalSection(ProjectConfigurationPlatforms) = postSolution
		{BA4E9C57-B383-49B8-A68F-E02D0F6DA1D4}.Debug|Any CPU.ActiveCfg = Debug|Any CPU
		{BA4E9C57-B383-49B8-A68F-E02D0F6DA1D4}.Debug|Any CPU.Build.0 = Debug|Any CPU
		{BA4E9C57-B383-49B8-A68F-E02D0F6DA1D4}.Release|Any CPU.ActiveCfg = Release|Any CPU
		{BA4E9C57-B383-49B8-A68F-E02D0F6DA1D4}.Release|Any CPU.Build.0 = Release|Any CPU
	EndGlobalSection
EndGlobal
